
Microsoft Visual Studio Solution File, Format Version 12.00
# Visual Studio Version 17
VisualStudioVersion = 17.9.34616.47
MinimumVisualStudioVersion = 10.0.40219.1
Project("{FAE04EC0-301F-11D3-BF4B-00C04F79EFBC}") = "LabWork23", "LabWork23\LabWork23.csproj", "{CE369BFA-6AE7-4ECB-8573-2C746C4EA93C}"
EndProject
Global
	GlobalSection(SolutionConfigurationPlatforms) = preSolution
		Debug|Any CPU = Debug|Any CPU
		Release|Any CPU = Release|Any CPU
	EndGlobalSection
	GlobalSection(ProjectConfigurationPlatforms) = postSolution
		{CE369BFA-6AE7-4ECB-8573-2C746C4EA93C}.Debug|Any CPU.ActiveCfg = Debug|Any CPU
		{CE369BFA-6AE7-4ECB-8573-2C746C4EA93C}.Debug|Any CPU.Build.0 = Debug|Any CPU
		{CE369BFA-6AE7-4ECB-8573-2C746C4EA93C}.Release|Any CPU.ActiveCfg = Release|Any CPU
		{CE369BFA-6AE7-4ECB-8573-2C746C4EA93C}.Release|Any CPU.Build.0 = Release|Any CPU
	EndGlobalSection
	GlobalSection(SolutionProperties) = preSolution
		HideSolutionNode = FALSE
	EndGlobalSection
	GlobalSection(ExtensibilityGlobals) = postSolution
		SolutionGuid = {13B32FDE-6125-4F5B-8189-ECFB3CC7D9C9}
	EndGlobalSection
EndGlobal
